
Microsoft Visual Studio Solution File, Format Version 12.00
# Visual Studio Version 17
VisualStudioVersion = 17.0.31611.283
MinimumVisualStudioVersion = 10.0.40219.1
Project("{9A19103F-16F7-4668-BE54-9A1E7A4F7556}") = "Ejercicio5", "Ejercicio5.csproj", "{8ECA55AD-531A-4B88-89CE-9FBC803104E9}"
EndProject
Project("{FAE04EC0-301F-11D3-BF4B-00C04F79EFBC}") = "Entities", "..\clsPersona\Entities.csproj", "{ED26428E-C62F-47E5-B752-6889DB3A6140}"
EndProject
Project("{FAE04EC0-301F-11D3-BF4B-00C04F79EFBC}") = "DAL", "..\DAL\DAL.csproj", "{6B36DF6A-C451-4BF5-8FF9-81BB44E42594}"
EndProject
Global
	GlobalSection(SolutionConfigurationPlatforms) = preSolution
		Debug|Any CPU = Debug|Any CPU
		Release|Any CPU = Release|Any CPU
	EndGlobalSection
	GlobalSection(ProjectConfigurationPlatforms) = postSolution
		{8ECA55AD-531A-4B88-89CE-9FBC803104E9}.Debug|Any CPU.ActiveCfg = Debug|Any CPU
		{8ECA55AD-531A-4B88-89CE-9FBC803104E9}.Debug|Any CPU.Build.0 = Debug|Any CPU
		{8ECA55AD-531A-4B88-89CE-9FBC803104E9}.Debug|Any CPU.Deploy.0 = Debug|Any CPU
		{8ECA55AD-531A-4B88-89CE-9FBC803104E9}.Release|Any CPU.ActiveCfg = Release|Any CPU
		{8ECA55AD-531A-4B88-89CE-9FBC803104E9}.Release|Any CPU.Build.0 = Release|Any CPU
		{8ECA55AD-531A-4B88-89CE-9FBC803104E9}.Release|Any CPU.Deploy.0 = Release|Any CPU
		{ED26428E-C62F-47E5-B752-6889DB3A6140}.Debug|Any CPU.ActiveCfg = Debug|Any CPU
		{ED26428E-C62F-47E5-B752-6889DB3A6140}.Debug|Any CPU.Build.0 = Debug|Any CPU
		{ED26428E-C62F-47E5-B752-6889DB3A6140}.Release|Any CPU.ActiveCfg = Release|Any CPU
		{ED26428E-C62F-47E5-B752-6889DB3A6140}.Release|Any CPU.Build.0 = Release|Any CPU
		{6B36DF6A-C451-4BF5-8FF9-81BB44E42594}.Debug|Any CPU.ActiveCfg = Debug|Any CPU
		{6B36DF6A-C451-4BF5-8FF9-81BB44E42594}.Debug|Any CPU.Build.0 = Debug|Any CPU
		{6B36DF6A-C451-4BF5-8FF9-81BB44E42594}.Release|Any CPU.ActiveCfg = Release|Any CPU
		{6B36DF6A-C451-4BF5-8FF9-81BB44E42594}.Release|Any CPU.Build.0 = Release|Any CPU
	EndGlobalSection
	GlobalSection(SolutionProperties) = preSolution
		HideSolutionNode = FALSE
	EndGlobalSection
	GlobalSection(ExtensibilityGlobals) = postSolution
		SolutionGuid = {61F7FB11-1E47-470C-91E2-47F8143E1572}
	EndGlobalSection
EndGlobal
